
Microsoft Visual Studio Solution File, Format Version 12.00
# Visual Studio Version 17
VisualStudioVersion = 17.11.35312.102
MinimumVisualStudioVersion = 10.0.40219.1
Project("{FAE04EC0-301F-11D3-BF4B-00C04F79EFBC}") = "PythonDiener1", "PythonDiener1\PythonDiener1.csproj", "{35DB6CA6-16E3-47E3-B477-164D72C41630}"
EndProject
Global
	GlobalSection(SolutionConfigurationPlatforms) = preSolution
		Debug|Any CPU = Debug|Any CPU
		Release|Any CPU = Release|Any CPU
	EndGlobalSection
	GlobalSection(ProjectConfigurationPlatforms) = postSolution
		{35DB6CA6-16E3-47E3-B477-164D72C41630}.Debug|Any CPU.ActiveCfg = Debug|Any CPU
		{35DB6CA6-16E3-47E3-B477-164D72C41630}.Debug|Any CPU.Build.0 = Debug|Any CPU
		{35DB6CA6-16E3-47E3-B477-164D72C41630}.Release|Any CPU.ActiveCfg = Release|Any CPU
		{35DB6CA6-16E3-47E3-B477-164D72C41630}.Release|Any CPU.Build.0 = Release|Any CPU
	EndGlobalSection
	GlobalSection(SolutionProperties) = preSolution
		HideSolutionNode = FALSE
	EndGlobalSection
	GlobalSection(ExtensibilityGlobals) = postSolution
		SolutionGuid = {ABA546E1-048D-4D58-9BBC-82DE89B89D45}
	EndGlobalSection
EndGlobal
